
Microsoft Visual Studio Solution File, Format Version 12.00
# Visual Studio 14
VisualStudioVersion = 14.0.25420.1
MinimumVisualStudioVersion = 10.0.40219.1
Project("{FAE04EC0-301F-11D3-BF4B-00C04F79EFBC}") = "ScriptExamples", "ScriptExamples\ScriptExamples.csproj", "{3C02F3A9-EE4B-4F8B-A380-22FFB0227490}"
EndProject
Project("{FAE04EC0-301F-11D3-BF4B-00C04F79EFBC}") = "Eplan.EplAddin.ApiExt2022Examples", "Eplan.EplAddin.ApiExt2022Examples\Eplan.EplAddin.ApiExt2022Examples.csproj", "{952D6D2F-1AB9-4369-970B-CF211FAE8BBA}"
EndProject
Global
	GlobalSection(SolutionConfigurationPlatforms) = preSolution
		Debug|Any CPU = Debug|Any CPU
		Debug|x64 = Debug|x64
		Release|Any CPU = Release|Any CPU
		Release|x64 = Release|x64
	EndGlobalSection
	GlobalSection(ProjectConfigurationPlatforms) = postSolution
		{3C02F3A9-EE4B-4F8B-A380-22FFB0227490}.Debug|Any CPU.ActiveCfg = Debug|x64
		{3C02F3A9-EE4B-4F8B-A380-22FFB0227490}.Debug|Any CPU.Build.0 = Debug|x64
		{3C02F3A9-EE4B-4F8B-A380-22FFB0227490}.Debug|x64.ActiveCfg = Debug|x64
		{3C02F3A9-EE4B-4F8B-A380-22FFB0227490}.Debug|x64.Build.0 = Debug|x64
		{3C02F3A9-EE4B-4F8B-A380-22FFB0227490}.Release|Any CPU.ActiveCfg = Release|Any CPU
		{3C02F3A9-EE4B-4F8B-A380-22FFB0227490}.Release|Any CPU.Build.0 = Release|Any CPU
		{3C02F3A9-EE4B-4F8B-A380-22FFB0227490}.Release|x64.ActiveCfg = Release|Any CPU
		{3C02F3A9-EE4B-4F8B-A380-22FFB0227490}.Release|x64.Build.0 = Release|Any CPU
		{952D6D2F-1AB9-4369-970B-CF211FAE8BBA}.Debug|Any CPU.ActiveCfg = Debug|x64
		{952D6D2F-1AB9-4369-970B-CF211FAE8BBA}.Debug|x64.ActiveCfg = Debug|x64
		{952D6D2F-1AB9-4369-970B-CF211FAE8BBA}.Debug|x64.Build.0 = Debug|x64
		{952D6D2F-1AB9-4369-970B-CF211FAE8BBA}.Release|Any CPU.ActiveCfg = Release|x64
		{952D6D2F-1AB9-4369-970B-CF211FAE8BBA}.Release|x64.ActiveCfg = Release|x64
		{952D6D2F-1AB9-4369-970B-CF211FAE8BBA}.Release|x64.Build.0 = Release|x64
	EndGlobalSection
	GlobalSection(SolutionProperties) = preSolution
		HideSolutionNode = FALSE
	EndGlobalSection
EndGlobal
